
Microsoft Visual Studio Solution File, Format Version 12.00
# Visual Studio Version 17
VisualStudioVersion = 17.0.31912.275
MinimumVisualStudioVersion = 10.0.40219.1
Project("{FAE04EC0-301F-11D3-BF4B-00C04F79EFBC}") = "PrimitiveTypesAndExpressions", "PrimitiveTypesAndExpressions\PrimitiveTypesAndExpressions.csproj", "{776D5448-EBBE-49C1-8332-EDADA2CCDDC6}"
EndProject
Global
	GlobalSection(SolutionConfigurationPlatforms) = preSolution
		Debug|Any CPU = Debug|Any CPU
		Release|Any CPU = Release|Any CPU
	EndGlobalSection
	GlobalSection(ProjectConfigurationPlatforms) = postSolution
		{776D5448-EBBE-49C1-8332-EDADA2CCDDC6}.Debug|Any CPU.ActiveCfg = Debug|Any CPU
		{776D5448-EBBE-49C1-8332-EDADA2CCDDC6}.Debug|Any CPU.Build.0 = Debug|Any CPU
		{776D5448-EBBE-49C1-8332-EDADA2CCDDC6}.Release|Any CPU.ActiveCfg = Release|Any CPU
		{776D5448-EBBE-49C1-8332-EDADA2CCDDC6}.Release|Any CPU.Build.0 = Release|Any CPU
	EndGlobalSection
	GlobalSection(SolutionProperties) = preSolution
		HideSolutionNode = FALSE
	EndGlobalSection
	GlobalSection(ExtensibilityGlobals) = postSolution
		SolutionGuid = {65667AE6-1F72-4681-8CD5-E02F3F9B873B}
	EndGlobalSection
EndGlobal
